
Microsoft Visual Studio Solution File, Format Version 12.00
# Visual Studio Version 17
VisualStudioVersion = 17.5.002.0
MinimumVisualStudioVersion = 10.0.40219.1
Project("{9A19103F-16F7-4668-BE54-9A1E7A4F7556}") = "IdentityService", "IdentityService.csproj", "{EC6C6F68-0B0B-407C-9009-9C211F9EE6BF}"
EndProject
Global
	GlobalSection(SolutionConfigurationPlatforms) = preSolution
		Debug|Any CPU = Debug|Any CPU
		Release|Any CPU = Release|Any CPU
	EndGlobalSection
	GlobalSection(ProjectConfigurationPlatforms) = postSolution
		{EC6C6F68-0B0B-407C-9009-9C211F9EE6BF}.Debug|Any CPU.ActiveCfg = Debug|Any CPU
		{EC6C6F68-0B0B-407C-9009-9C211F9EE6BF}.Debug|Any CPU.Build.0 = Debug|Any CPU
		{EC6C6F68-0B0B-407C-9009-9C211F9EE6BF}.Release|Any CPU.ActiveCfg = Release|Any CPU
		{EC6C6F68-0B0B-407C-9009-9C211F9EE6BF}.Release|Any CPU.Build.0 = Release|Any CPU
	EndGlobalSection
	GlobalSection(SolutionProperties) = preSolution
		HideSolutionNode = FALSE
	EndGlobalSection
	GlobalSection(ExtensibilityGlobals) = postSolution
		SolutionGuid = {115E9C84-8C52-4D24-9878-7D7AA85A6376}
	EndGlobalSection
EndGlobal
