
Microsoft Visual Studio Solution File, Format Version 12.00
# Visual Studio Version 17
VisualStudioVersion = 17.5.002.0
MinimumVisualStudioVersion = 10.0.40219.1
Project("{9A19103F-16F7-4668-BE54-9A1E7A4F7556}") = "BiddingService", "BiddingService.csproj", "{7125AC0C-D640-485C-88F5-FFD228BB3EA7}"
EndProject
Global
	GlobalSection(SolutionConfigurationPlatforms) = preSolution
		Debug|Any CPU = Debug|Any CPU
		Release|Any CPU = Release|Any CPU
	EndGlobalSection
	GlobalSection(ProjectConfigurationPlatforms) = postSolution
		{7125AC0C-D640-485C-88F5-FFD228BB3EA7}.Debug|Any CPU.ActiveCfg = Debug|Any CPU
		{7125AC0C-D640-485C-88F5-FFD228BB3EA7}.Debug|Any CPU.Build.0 = Debug|Any CPU
		{7125AC0C-D640-485C-88F5-FFD228BB3EA7}.Release|Any CPU.ActiveCfg = Release|Any CPU
		{7125AC0C-D640-485C-88F5-FFD228BB3EA7}.Release|Any CPU.Build.0 = Release|Any CPU
	EndGlobalSection
	GlobalSection(SolutionProperties) = preSolution
		HideSolutionNode = FALSE
	EndGlobalSection
	GlobalSection(ExtensibilityGlobals) = postSolution
		SolutionGuid = {FB63F299-A93C-4B8A-88CD-11F91C46069A}
	EndGlobalSection
EndGlobal
